
Microsoft Visual Studio Solution File, Format Version 12.00
# Visual Studio Version 17
VisualStudioVersion = 17.4.33213.308
MinimumVisualStudioVersion = 10.0.40219.1
Project("{2150E333-8FDC-42A3-9474-1A3956D46DE8}") = "src", "src", "{8640FB86-EFA1-4C60-9C1F-B6ABECEA26C9}"
EndProject
Project("{2150E333-8FDC-42A3-9474-1A3956D46DE8}") = "Services", "Services", "{22D10ABD-F979-4A96-A6E8-3447244A3DF2}"
EndProject
Project("{2150E333-8FDC-42A3-9474-1A3956D46DE8}") = "Integration", "Integration", "{AC2E31EF-606E-44DD-B77F-7D3A9608D437}"
EndProject
Project("{2150E333-8FDC-42A3-9474-1A3956D46DE8}") = "Identity", "Identity", "{543242A3-AF15-470D-8432-F130CDFE943A}"
EndProject
Project("{9A19103F-16F7-4668-BE54-9A1E7A4F7556}") = "MessageBus", "MessageBus\MessageBus.csproj", "{7EF84877-E167-460C-ADB4-679FE89CCC8F}"
EndProject
Project("{2150E333-8FDC-42A3-9474-1A3956D46DE8}") = "Email", "Email", "{3D191AA6-DF24-467A-93C4-45C1373A8E98}"
EndProject
Project("{2150E333-8FDC-42A3-9474-1A3956D46DE8}") = "SignalR", "SignalR", "{8B65199C-6595-4494-8304-4D9F0B51FEB6}"
EndProject
Project("{2150E333-8FDC-42A3-9474-1A3956D46DE8}") = "Solution Items", "Solution Items", "{1497627D-C0BD-4009-9BF3-48C7568836F3}"
	ProjectSection(SolutionItems) = preProject
		.editorconfig = .editorconfig
		.gitignore = .gitignore
	EndProjectSection
EndProject
Project("{2150E333-8FDC-42A3-9474-1A3956D46DE8}") = "Notification", "Notification", "{0C1BD562-84F3-4F5D-88FD-AC5E37F269DB}"
EndProject
Project("{9A19103F-16F7-4668-BE54-9A1E7A4F7556}") = "Notification", "Notification\Notification.csproj", "{99B5DC0A-C352-4754-8978-A481BBD6C26D}"
EndProject
Project("{9A19103F-16F7-4668-BE54-9A1E7A4F7556}") = "HttpMessage", "HttpMessage\HttpMessage.csproj", "{E81D8415-1568-45C7-9CD6-3FE156A470AB}"
EndProject
Project("{2150E333-8FDC-42A3-9474-1A3956D46DE8}") = "Project", "Project", "{CE9F6151-C2AC-4DE4-846C-2ACFFF0FD1A7}"
EndProject
Project("{9A19103F-16F7-4668-BE54-9A1E7A4F7556}") = "Projects", "Projects\Projects.csproj", "{111853FF-FD13-4683-A4F5-9DA907FE2EBE}"
EndProject
Project("{2150E333-8FDC-42A3-9474-1A3956D46DE8}") = "Photos", "Photos", "{465E5C10-4CB3-473E-8D60-1A98FF17DE91}"
EndProject
Project("{9A19103F-16F7-4668-BE54-9A1E7A4F7556}") = "Photos", "Photos\Photos.csproj", "{F9CAD6C8-1ED4-49EF-903B-7ABEFA9EDFA5}"
EndProject
Project("{2150E333-8FDC-42A3-9474-1A3956D46DE8}") = "Tasks", "Tasks", "{A6F7D1FA-6217-4769-8E2A-918C3F5CD6EF}"
EndProject
Project("{9A19103F-16F7-4668-BE54-9A1E7A4F7556}") = "Tasks", "Tasks\Tasks.csproj", "{18632B76-216C-4D76-BF58-ED8FC3A69969}"
EndProject
Project("{2150E333-8FDC-42A3-9474-1A3956D46DE8}") = "Aggregators", "Aggregators", "{3E9A6278-C1BF-420D-B65B-FA448DD2E136}"
EndProject
Project("{9A19103F-16F7-4668-BE54-9A1E7A4F7556}") = "API.Aggregator", "API.Aggregator\API.Aggregator.csproj", "{F42DD743-34A3-4F76-9A5F-18E65318E3CB}"
EndProject
Project("{9A19103F-16F7-4668-BE54-9A1E7A4F7556}") = "Projects.Domain", "Projects.Domain\Projects.Domain.csproj", "{55A601FE-77CD-4CB9-815A-1F4074C8F9EE}"
EndProject
Project("{9A19103F-16F7-4668-BE54-9A1E7A4F7556}") = "Projects.Infrastructure", "Projects.Infrastructure\Projects.Infrastructure.csproj", "{C3360B71-C086-4A69-BD82-0A8AA6FA377D}"
EndProject
Project("{9A19103F-16F7-4668-BE54-9A1E7A4F7556}") = "Projects.Application", "Projects.Application\Projects.Application.csproj", "{C7D52ACA-9428-41DA-9B01-9F3B6D67F140}"
EndProject
Project("{2150E333-8FDC-42A3-9474-1A3956D46DE8}") = "tests", "tests", "{72ECCD4D-1C27-41D0-959B-3774EAC28DC3}"
EndProject
Project("{9A19103F-16F7-4668-BE54-9A1E7A4F7556}") = "Tasks.UnitTests", "Tasks.UnitTests\Tasks.UnitTests.csproj", "{29D39846-8582-4891-AF39-136EB2E1CFC6}"
EndProject
Project("{9A19103F-16F7-4668-BE54-9A1E7A4F7556}") = "Tasks.IntegrationTests", "Tasks.IntegrationTests\Tasks.IntegrationTests.csproj", "{5DEBF7F5-BD51-46C3-9304-EA65F3713DBF}"
EndProject
Project("{2150E333-8FDC-42A3-9474-1A3956D46DE8}") = "Chat", "Chat", "{6E0F2DE1-8C27-4A89-995D-BE47CF4EBFC5}"
EndProject
Project("{9A19103F-16F7-4668-BE54-9A1E7A4F7556}") = "Chat", "Chat\Chat.csproj", "{4D82401E-859D-4D6C-B342-D8B92C633CEE}"
EndProject
Project("{9A19103F-16F7-4668-BE54-9A1E7A4F7556}") = "SignalR", "SignalR\SignalR.csproj", "{C60C5C73-0773-4693-944C-D1CDF4CF4886}"
EndProject
Project("{9A19103F-16F7-4668-BE54-9A1E7A4F7556}") = "IdentityDuende", "IdentityDuende\IdentityDuende.csproj", "{D9D84000-F6F9-48DF-BFCF-B33993FAEA97}"
EndProject
Project("{E53339B2-1760-4266-BCC7-CA923CBCF16C}") = "docker-compose", "docker-compose.dcproj", "{36582199-4347-45E4-90C7-8AC065AA0D12}"
EndProject
Project("{2150E333-8FDC-42A3-9474-1A3956D46DE8}") = "Proxy", "Proxy", "{71DB4892-48C7-40C5-80C6-C9F6EF624C16}"
EndProject
Project("{2150E333-8FDC-42A3-9474-1A3956D46DE8}") = "Envoy", "Envoy", "{5B01DE65-B52B-4283-AA21-4076E6C55864}"
	ProjectSection(SolutionItems) = preProject
		envoy.yaml = envoy.yaml
	EndProjectSection
EndProject
Project("{9A19103F-16F7-4668-BE54-9A1E7A4F7556}") = "EmailEmitter", "EmailEmitter\EmailEmitter.csproj", "{A5EB5B59-A23A-4593-8183-D5475360E1A1}"
EndProject
Project("{9A19103F-16F7-4668-BE54-9A1E7A4F7556}") = "TestsHelpers", "TestsHelpers\TestsHelpers.csproj", "{6631A1C8-A35C-4231-AF57-B291E0AD4D25}"
EndProject
Project("{2150E333-8FDC-42A3-9474-1A3956D46DE8}") = "tests", "tests", "{28A62895-F2C8-48AE-9578-BA1818BA5F9D}"
EndProject
Project("{9A19103F-16F7-4668-BE54-9A1E7A4F7556}") = "Chat.IntegrationTests", "Chat.IntegrationTests\Chat.IntegrationTests.csproj", "{8BB153AD-163F-476F-A4B7-BA9F000525B6}"
EndProject
Project("{9A19103F-16F7-4668-BE54-9A1E7A4F7556}") = "HealthChecks", "HealthChecks\HealthChecks.csproj", "{35765259-FAC6-4579-B78C-A45873DB9974}"
EndProject
Project("{9A19103F-16F7-4668-BE54-9A1E7A4F7556}") = "Logging", "Logging\Logging.csproj", "{76D58C56-A42E-4C0A-9376-C06D02B69E69}"
EndProject
Project("{2150E333-8FDC-42A3-9474-1A3956D46DE8}") = "tests", "tests", "{B7602ED7-8725-4149-9B08-EC26CDB54327}"
EndProject
Project("{FAE04EC0-301F-11D3-BF4B-00C04F79EFBC}") = "Projects.IntegrationTests", "Projects.IntegrationTests\Projects.IntegrationTests.csproj", "{67814893-5020-4FA4-82C0-7871E80D9907}"
EndProject
Global
	GlobalSection(SolutionConfigurationPlatforms) = preSolution
		Debug|Any CPU = Debug|Any CPU
		Release|Any CPU = Release|Any CPU
	EndGlobalSection
	GlobalSection(ProjectConfigurationPlatforms) = postSolution
		{7EF84877-E167-460C-ADB4-679FE89CCC8F}.Debug|Any CPU.ActiveCfg = Debug|Any CPU
		{7EF84877-E167-460C-ADB4-679FE89CCC8F}.Debug|Any CPU.Build.0 = Debug|Any CPU
		{7EF84877-E167-460C-ADB4-679FE89CCC8F}.Release|Any CPU.ActiveCfg = Release|Any CPU
		{7EF84877-E167-460C-ADB4-679FE89CCC8F}.Release|Any CPU.Build.0 = Release|Any CPU
		{99B5DC0A-C352-4754-8978-A481BBD6C26D}.Debug|Any CPU.ActiveCfg = Debug|Any CPU
		{99B5DC0A-C352-4754-8978-A481BBD6C26D}.Debug|Any CPU.Build.0 = Debug|Any CPU
		{99B5DC0A-C352-4754-8978-A481BBD6C26D}.Release|Any CPU.ActiveCfg = Release|Any CPU
		{99B5DC0A-C352-4754-8978-A481BBD6C26D}.Release|Any CPU.Build.0 = Release|Any CPU
		{E81D8415-1568-45C7-9CD6-3FE156A470AB}.Debug|Any CPU.ActiveCfg = Debug|Any CPU
		{E81D8415-1568-45C7-9CD6-3FE156A470AB}.Debug|Any CPU.Build.0 = Debug|Any CPU
		{E81D8415-1568-45C7-9CD6-3FE156A470AB}.Release|Any CPU.ActiveCfg = Release|Any CPU
		{E81D8415-1568-45C7-9CD6-3FE156A470AB}.Release|Any CPU.Build.0 = Release|Any CPU
		{111853FF-FD13-4683-A4F5-9DA907FE2EBE}.Debug|Any CPU.ActiveCfg = Debug|Any CPU
		{111853FF-FD13-4683-A4F5-9DA907FE2EBE}.Debug|Any CPU.Build.0 = Debug|Any CPU
		{111853FF-FD13-4683-A4F5-9DA907FE2EBE}.Release|Any CPU.ActiveCfg = Release|Any CPU
		{111853FF-FD13-4683-A4F5-9DA907FE2EBE}.Release|Any CPU.Build.0 = Release|Any CPU
		{F9CAD6C8-1ED4-49EF-903B-7ABEFA9EDFA5}.Debug|Any CPU.ActiveCfg = Debug|Any CPU
		{F9CAD6C8-1ED4-49EF-903B-7ABEFA9EDFA5}.Debug|Any CPU.Build.0 = Debug|Any CPU
		{F9CAD6C8-1ED4-49EF-903B-7ABEFA9EDFA5}.Release|Any CPU.ActiveCfg = Release|Any CPU
		{F9CAD6C8-1ED4-49EF-903B-7ABEFA9EDFA5}.Release|Any CPU.Build.0 = Release|Any CPU
		{18632B76-216C-4D76-BF58-ED8FC3A69969}.Debug|Any CPU.ActiveCfg = Debug|Any CPU
		{18632B76-216C-4D76-BF58-ED8FC3A69969}.Debug|Any CPU.Build.0 = Debug|Any CPU
		{18632B76-216C-4D76-BF58-ED8FC3A69969}.Release|Any CPU.ActiveCfg = Release|Any CPU
		{18632B76-216C-4D76-BF58-ED8FC3A69969}.Release|Any CPU.Build.0 = Release|Any CPU
		{F42DD743-34A3-4F76-9A5F-18E65318E3CB}.Debug|Any CPU.ActiveCfg = Debug|Any CPU
		{F42DD743-34A3-4F76-9A5F-18E65318E3CB}.Debug|Any CPU.Build.0 = Debug|Any CPU
		{F42DD743-34A3-4F76-9A5F-18E65318E3CB}.Release|Any CPU.ActiveCfg = Release|Any CPU
		{F42DD743-34A3-4F76-9A5F-18E65318E3CB}.Release|Any CPU.Build.0 = Release|Any CPU
		{55A601FE-77CD-4CB9-815A-1F4074C8F9EE}.Debug|Any CPU.ActiveCfg = Debug|Any CPU
		{55A601FE-77CD-4CB9-815A-1F4074C8F9EE}.Debug|Any CPU.Build.0 = Debug|Any CPU
		{55A601FE-77CD-4CB9-815A-1F4074C8F9EE}.Release|Any CPU.ActiveCfg = Release|Any CPU
		{55A601FE-77CD-4CB9-815A-1F4074C8F9EE}.Release|Any CPU.Build.0 = Release|Any CPU
		{C3360B71-C086-4A69-BD82-0A8AA6FA377D}.Debug|Any CPU.ActiveCfg = Debug|Any CPU
		{C3360B71-C086-4A69-BD82-0A8AA6FA377D}.Debug|Any CPU.Build.0 = Debug|Any CPU
		{C3360B71-C086-4A69-BD82-0A8AA6FA377D}.Release|Any CPU.ActiveCfg = Release|Any CPU
		{C3360B71-C086-4A69-BD82-0A8AA6FA377D}.Release|Any CPU.Build.0 = Release|Any CPU
		{C7D52ACA-9428-41DA-9B01-9F3B6D67F140}.Debug|Any CPU.ActiveCfg = Debug|Any CPU
		{C7D52ACA-9428-41DA-9B01-9F3B6D67F140}.Debug|Any CPU.Build.0 = Debug|Any CPU
		{C7D52ACA-9428-41DA-9B01-9F3B6D67F140}.Release|Any CPU.ActiveCfg = Release|Any CPU
		{C7D52ACA-9428-41DA-9B01-9F3B6D67F140}.Release|Any CPU.Build.0 = Release|Any CPU
		{29D39846-8582-4891-AF39-136EB2E1CFC6}.Debug|Any CPU.ActiveCfg = Debug|Any CPU
		{29D39846-8582-4891-AF39-136EB2E1CFC6}.Debug|Any CPU.Build.0 = Debug|Any CPU
		{29D39846-8582-4891-AF39-136EB2E1CFC6}.Release|Any CPU.ActiveCfg = Release|Any CPU
		{29D39846-8582-4891-AF39-136EB2E1CFC6}.Release|Any CPU.Build.0 = Release|Any CPU
		{5DEBF7F5-BD51-46C3-9304-EA65F3713DBF}.Debug|Any CPU.ActiveCfg = Debug|Any CPU
		{5DEBF7F5-BD51-46C3-9304-EA65F3713DBF}.Debug|Any CPU.Build.0 = Debug|Any CPU
		{5DEBF7F5-BD51-46C3-9304-EA65F3713DBF}.Release|Any CPU.ActiveCfg = Release|Any CPU
		{5DEBF7F5-BD51-46C3-9304-EA65F3713DBF}.Release|Any CPU.Build.0 = Release|Any CPU
		{4D82401E-859D-4D6C-B342-D8B92C633CEE}.Debug|Any CPU.ActiveCfg = Debug|Any CPU
		{4D82401E-859D-4D6C-B342-D8B92C633CEE}.Debug|Any CPU.Build.0 = Debug|Any CPU
		{4D82401E-859D-4D6C-B342-D8B92C633CEE}.Release|Any CPU.ActiveCfg = Release|Any CPU
		{4D82401E-859D-4D6C-B342-D8B92C633CEE}.Release|Any CPU.Build.0 = Release|Any CPU
		{C60C5C73-0773-4693-944C-D1CDF4CF4886}.Debug|Any CPU.ActiveCfg = Debug|Any CPU
		{C60C5C73-0773-4693-944C-D1CDF4CF4886}.Debug|Any CPU.Build.0 = Debug|Any CPU
		{C60C5C73-0773-4693-944C-D1CDF4CF4886}.Release|Any CPU.ActiveCfg = Release|Any CPU
		{C60C5C73-0773-4693-944C-D1CDF4CF4886}.Release|Any CPU.Build.0 = Release|Any CPU
		{D9D84000-F6F9-48DF-BFCF-B33993FAEA97}.Debug|Any CPU.ActiveCfg = Debug|Any CPU
		{D9D84000-F6F9-48DF-BFCF-B33993FAEA97}.Debug|Any CPU.Build.0 = Debug|Any CPU
		{D9D84000-F6F9-48DF-BFCF-B33993FAEA97}.Release|Any CPU.ActiveCfg = Release|Any CPU
		{D9D84000-F6F9-48DF-BFCF-B33993FAEA97}.Release|Any CPU.Build.0 = Release|Any CPU
		{36582199-4347-45E4-90C7-8AC065AA0D12}.Debug|Any CPU.ActiveCfg = Debug|Any CPU
		{36582199-4347-45E4-90C7-8AC065AA0D12}.Debug|Any CPU.Build.0 = Debug|Any CPU
		{36582199-4347-45E4-90C7-8AC065AA0D12}.Release|Any CPU.ActiveCfg = Release|Any CPU
		{36582199-4347-45E4-90C7-8AC065AA0D12}.Release|Any CPU.Build.0 = Release|Any CPU
		{A5EB5B59-A23A-4593-8183-D5475360E1A1}.Debug|Any CPU.ActiveCfg = Debug|Any CPU
		{A5EB5B59-A23A-4593-8183-D5475360E1A1}.Debug|Any CPU.Build.0 = Debug|Any CPU
		{A5EB5B59-A23A-4593-8183-D5475360E1A1}.Release|Any CPU.ActiveCfg = Release|Any CPU
		{A5EB5B59-A23A-4593-8183-D5475360E1A1}.Release|Any CPU.Build.0 = Release|Any CPU
		{6631A1C8-A35C-4231-AF57-B291E0AD4D25}.Debug|Any CPU.ActiveCfg = Debug|Any CPU
		{6631A1C8-A35C-4231-AF57-B291E0AD4D25}.Debug|Any CPU.Build.0 = Debug|Any CPU
		{6631A1C8-A35C-4231-AF57-B291E0AD4D25}.Release|Any CPU.ActiveCfg = Release|Any CPU
		{6631A1C8-A35C-4231-AF57-B291E0AD4D25}.Release|Any CPU.Build.0 = Release|Any CPU
		{8BB153AD-163F-476F-A4B7-BA9F000525B6}.Debug|Any CPU.ActiveCfg = Debug|Any CPU
		{8BB153AD-163F-476F-A4B7-BA9F000525B6}.Debug|Any CPU.Build.0 = Debug|Any CPU
		{8BB153AD-163F-476F-A4B7-BA9F000525B6}.Release|Any CPU.ActiveCfg = Release|Any CPU
		{8BB153AD-163F-476F-A4B7-BA9F000525B6}.Release|Any CPU.Build.0 = Release|Any CPU
		{35765259-FAC6-4579-B78C-A45873DB9974}.Debug|Any CPU.ActiveCfg = Debug|Any CPU
		{35765259-FAC6-4579-B78C-A45873DB9974}.Debug|Any CPU.Build.0 = Debug|Any CPU
		{35765259-FAC6-4579-B78C-A45873DB9974}.Release|Any CPU.ActiveCfg = Release|Any CPU
		{35765259-FAC6-4579-B78C-A45873DB9974}.Release|Any CPU.Build.0 = Release|Any CPU
		{76D58C56-A42E-4C0A-9376-C06D02B69E69}.Debug|Any CPU.ActiveCfg = Debug|Any CPU
		{76D58C56-A42E-4C0A-9376-C06D02B69E69}.Debug|Any CPU.Build.0 = Debug|Any CPU
		{76D58C56-A42E-4C0A-9376-C06D02B69E69}.Release|Any CPU.ActiveCfg = Release|Any CPU
		{76D58C56-A42E-4C0A-9376-C06D02B69E69}.Release|Any CPU.Build.0 = Release|Any CPU
		{67814893-5020-4FA4-82C0-7871E80D9907}.Debug|Any CPU.ActiveCfg = Debug|Any CPU
		{67814893-5020-4FA4-82C0-7871E80D9907}.Debug|Any CPU.Build.0 = Debug|Any CPU
		{67814893-5020-4FA4-82C0-7871E80D9907}.Release|Any CPU.ActiveCfg = Release|Any CPU
		{67814893-5020-4FA4-82C0-7871E80D9907}.Release|Any CPU.Build.0 = Release|Any CPU
	EndGlobalSection
	GlobalSection(SolutionProperties) = preSolution
		HideSolutionNode = FALSE
	EndGlobalSection
	GlobalSection(NestedProjects) = preSolution
		{22D10ABD-F979-4A96-A6E8-3447244A3DF2} = {8640FB86-EFA1-4C60-9C1F-B6ABECEA26C9}
		{AC2E31EF-606E-44DD-B77F-7D3A9608D437} = {8640FB86-EFA1-4C60-9C1F-B6ABECEA26C9}
		{543242A3-AF15-470D-8432-F130CDFE943A} = {22D10ABD-F979-4A96-A6E8-3447244A3DF2}
		{7EF84877-E167-460C-ADB4-679FE89CCC8F} = {AC2E31EF-606E-44DD-B77F-7D3A9608D437}
		{3D191AA6-DF24-467A-93C4-45C1373A8E98} = {22D10ABD-F979-4A96-A6E8-3447244A3DF2}
		{8B65199C-6595-4494-8304-4D9F0B51FEB6} = {22D10ABD-F979-4A96-A6E8-3447244A3DF2}
		{0C1BD562-84F3-4F5D-88FD-AC5E37F269DB} = {22D10ABD-F979-4A96-A6E8-3447244A3DF2}
		{99B5DC0A-C352-4754-8978-A481BBD6C26D} = {0C1BD562-84F3-4F5D-88FD-AC5E37F269DB}
		{E81D8415-1568-45C7-9CD6-3FE156A470AB} = {AC2E31EF-606E-44DD-B77F-7D3A9608D437}
		{CE9F6151-C2AC-4DE4-846C-2ACFFF0FD1A7} = {22D10ABD-F979-4A96-A6E8-3447244A3DF2}
		{111853FF-FD13-4683-A4F5-9DA907FE2EBE} = {CE9F6151-C2AC-4DE4-846C-2ACFFF0FD1A7}
		{465E5C10-4CB3-473E-8D60-1A98FF17DE91} = {22D10ABD-F979-4A96-A6E8-3447244A3DF2}
		{F9CAD6C8-1ED4-49EF-903B-7ABEFA9EDFA5} = {465E5C10-4CB3-473E-8D60-1A98FF17DE91}
		{A6F7D1FA-6217-4769-8E2A-918C3F5CD6EF} = {22D10ABD-F979-4A96-A6E8-3447244A3DF2}
		{18632B76-216C-4D76-BF58-ED8FC3A69969} = {A6F7D1FA-6217-4769-8E2A-918C3F5CD6EF}
		{3E9A6278-C1BF-420D-B65B-FA448DD2E136} = {8640FB86-EFA1-4C60-9C1F-B6ABECEA26C9}
		{F42DD743-34A3-4F76-9A5F-18E65318E3CB} = {3E9A6278-C1BF-420D-B65B-FA448DD2E136}
		{55A601FE-77CD-4CB9-815A-1F4074C8F9EE} = {CE9F6151-C2AC-4DE4-846C-2ACFFF0FD1A7}
		{C3360B71-C086-4A69-BD82-0A8AA6FA377D} = {CE9F6151-C2AC-4DE4-846C-2ACFFF0FD1A7}
		{C7D52ACA-9428-41DA-9B01-9F3B6D67F140} = {CE9F6151-C2AC-4DE4-846C-2ACFFF0FD1A7}
		{72ECCD4D-1C27-41D0-959B-3774EAC28DC3} = {A6F7D1FA-6217-4769-8E2A-918C3F5CD6EF}
		{29D39846-8582-4891-AF39-136EB2E1CFC6} = {72ECCD4D-1C27-41D0-959B-3774EAC28DC3}
		{5DEBF7F5-BD51-46C3-9304-EA65F3713DBF} = {72ECCD4D-1C27-41D0-959B-3774EAC28DC3}
		{6E0F2DE1-8C27-4A89-995D-BE47CF4EBFC5} = {22D10ABD-F979-4A96-A6E8-3447244A3DF2}
		{4D82401E-859D-4D6C-B342-D8B92C633CEE} = {6E0F2DE1-8C27-4A89-995D-BE47CF4EBFC5}
		{C60C5C73-0773-4693-944C-D1CDF4CF4886} = {8B65199C-6595-4494-8304-4D9F0B51FEB6}
		{D9D84000-F6F9-48DF-BFCF-B33993FAEA97} = {543242A3-AF15-470D-8432-F130CDFE943A}
		{71DB4892-48C7-40C5-80C6-C9F6EF624C16} = {8640FB86-EFA1-4C60-9C1F-B6ABECEA26C9}
		{5B01DE65-B52B-4283-AA21-4076E6C55864} = {71DB4892-48C7-40C5-80C6-C9F6EF624C16}
		{A5EB5B59-A23A-4593-8183-D5475360E1A1} = {3D191AA6-DF24-467A-93C4-45C1373A8E98}
		{6631A1C8-A35C-4231-AF57-B291E0AD4D25} = {AC2E31EF-606E-44DD-B77F-7D3A9608D437}
		{28A62895-F2C8-48AE-9578-BA1818BA5F9D} = {6E0F2DE1-8C27-4A89-995D-BE47CF4EBFC5}
		{8BB153AD-163F-476F-A4B7-BA9F000525B6} = {28A62895-F2C8-48AE-9578-BA1818BA5F9D}
		{35765259-FAC6-4579-B78C-A45873DB9974} = {3E9A6278-C1BF-420D-B65B-FA448DD2E136}
		{76D58C56-A42E-4C0A-9376-C06D02B69E69} = {AC2E31EF-606E-44DD-B77F-7D3A9608D437}
		{B7602ED7-8725-4149-9B08-EC26CDB54327} = {CE9F6151-C2AC-4DE4-846C-2ACFFF0FD1A7}
		{67814893-5020-4FA4-82C0-7871E80D9907} = {B7602ED7-8725-4149-9B08-EC26CDB54327}
	EndGlobalSection
	GlobalSection(ExtensibilityGlobals) = postSolution
		SolutionGuid = {835CBD37-3795-4BFA-9CE2-C83C6D42CA55}
	EndGlobalSection
EndGlobal
