
Microsoft Visual Studio Solution File, Format Version 12.00
# Visual Studio Version 17
VisualStudioVersion = 17.4.33213.308
MinimumVisualStudioVersion = 10.0.40219.1
Project("{2150E333-8FDC-42A3-9474-1A3956D46DE8}") = "src", "src", "{8640FB86-EFA1-4C60-9C1F-B6ABECEA26C9}"
EndProject
Project("{2150E333-8FDC-42A3-9474-1A3956D46DE8}") = "Services", "Services", "{22D10ABD-F979-4A96-A6E8-3447244A3DF2}"
EndProject
Project("{2150E333-8FDC-42A3-9474-1A3956D46DE8}") = "Integration", "Integration", "{AC2E31EF-606E-44DD-B77F-7D3A9608D437}"
EndProject
Project("{2150E333-8FDC-42A3-9474-1A3956D46DE8}") = "Identity", "Identity", "{543242A3-AF15-470D-8432-F130CDFE943A}"
EndProject
Project("{2150E333-8FDC-42A3-9474-1A3956D46DE8}") = "Team", "Team", "{11B5D57B-30FA-4E7E-BB55-08A62019F1B6}"
EndProject
Project("{9A19103F-16F7-4668-BE54-9A1E7A4F7556}") = "IdentityServer", "IdentityServer\IdentityServer.csproj", "{B0D8DB1B-A592-498A-907C-22CB0295FD45}"
EndProject
Project("{9A19103F-16F7-4668-BE54-9A1E7A4F7556}") = "WebAPI", "WebAPI\WebAPI.csproj", "{A4A7024B-3850-4A10-96B4-1A4E50CE3B0B}"
EndProject
Project("{9A19103F-16F7-4668-BE54-9A1E7A4F7556}") = "Infrastructure", "Infrastructure\Infrastructure.csproj", "{9F67109F-CDD0-4F18-8ADF-8E197C00B7E2}"
EndProject
Project("{9A19103F-16F7-4668-BE54-9A1E7A4F7556}") = "Domain", "Domain\Domain.csproj", "{7919B608-1445-42AE-888F-63303DCC932E}"
EndProject
Project("{9A19103F-16F7-4668-BE54-9A1E7A4F7556}") = "Application", "Application\Application.csproj", "{97A56A06-72AF-49CA-A90C-F8F25C84EA9E}"
EndProject
Project("{9A19103F-16F7-4668-BE54-9A1E7A4F7556}") = "MessageBus", "MessageBus\MessageBus.csproj", "{7EF84877-E167-460C-ADB4-679FE89CCC8F}"
EndProject
Global
	GlobalSection(SolutionConfigurationPlatforms) = preSolution
		Debug|Any CPU = Debug|Any CPU
		Release|Any CPU = Release|Any CPU
	EndGlobalSection
	GlobalSection(ProjectConfigurationPlatforms) = postSolution
		{B0D8DB1B-A592-498A-907C-22CB0295FD45}.Debug|Any CPU.ActiveCfg = Debug|Any CPU
		{B0D8DB1B-A592-498A-907C-22CB0295FD45}.Debug|Any CPU.Build.0 = Debug|Any CPU
		{B0D8DB1B-A592-498A-907C-22CB0295FD45}.Release|Any CPU.ActiveCfg = Release|Any CPU
		{B0D8DB1B-A592-498A-907C-22CB0295FD45}.Release|Any CPU.Build.0 = Release|Any CPU
		{A4A7024B-3850-4A10-96B4-1A4E50CE3B0B}.Debug|Any CPU.ActiveCfg = Debug|Any CPU
		{A4A7024B-3850-4A10-96B4-1A4E50CE3B0B}.Debug|Any CPU.Build.0 = Debug|Any CPU
		{A4A7024B-3850-4A10-96B4-1A4E50CE3B0B}.Release|Any CPU.ActiveCfg = Release|Any CPU
		{A4A7024B-3850-4A10-96B4-1A4E50CE3B0B}.Release|Any CPU.Build.0 = Release|Any CPU
		{9F67109F-CDD0-4F18-8ADF-8E197C00B7E2}.Debug|Any CPU.ActiveCfg = Debug|Any CPU
		{9F67109F-CDD0-4F18-8ADF-8E197C00B7E2}.Debug|Any CPU.Build.0 = Debug|Any CPU
		{9F67109F-CDD0-4F18-8ADF-8E197C00B7E2}.Release|Any CPU.ActiveCfg = Release|Any CPU
		{9F67109F-CDD0-4F18-8ADF-8E197C00B7E2}.Release|Any CPU.Build.0 = Release|Any CPU
		{7919B608-1445-42AE-888F-63303DCC932E}.Debug|Any CPU.ActiveCfg = Debug|Any CPU
		{7919B608-1445-42AE-888F-63303DCC932E}.Debug|Any CPU.Build.0 = Debug|Any CPU
		{7919B608-1445-42AE-888F-63303DCC932E}.Release|Any CPU.ActiveCfg = Release|Any CPU
		{7919B608-1445-42AE-888F-63303DCC932E}.Release|Any CPU.Build.0 = Release|Any CPU
		{97A56A06-72AF-49CA-A90C-F8F25C84EA9E}.Debug|Any CPU.ActiveCfg = Debug|Any CPU
		{97A56A06-72AF-49CA-A90C-F8F25C84EA9E}.Debug|Any CPU.Build.0 = Debug|Any CPU
		{97A56A06-72AF-49CA-A90C-F8F25C84EA9E}.Release|Any CPU.ActiveCfg = Release|Any CPU
		{97A56A06-72AF-49CA-A90C-F8F25C84EA9E}.Release|Any CPU.Build.0 = Release|Any CPU
		{7EF84877-E167-460C-ADB4-679FE89CCC8F}.Debug|Any CPU.ActiveCfg = Debug|Any CPU
		{7EF84877-E167-460C-ADB4-679FE89CCC8F}.Debug|Any CPU.Build.0 = Debug|Any CPU
		{7EF84877-E167-460C-ADB4-679FE89CCC8F}.Release|Any CPU.ActiveCfg = Release|Any CPU
		{7EF84877-E167-460C-ADB4-679FE89CCC8F}.Release|Any CPU.Build.0 = Release|Any CPU
	EndGlobalSection
	GlobalSection(SolutionProperties) = preSolution
		HideSolutionNode = FALSE
	EndGlobalSection
	GlobalSection(NestedProjects) = preSolution
		{22D10ABD-F979-4A96-A6E8-3447244A3DF2} = {8640FB86-EFA1-4C60-9C1F-B6ABECEA26C9}
		{AC2E31EF-606E-44DD-B77F-7D3A9608D437} = {8640FB86-EFA1-4C60-9C1F-B6ABECEA26C9}
		{543242A3-AF15-470D-8432-F130CDFE943A} = {22D10ABD-F979-4A96-A6E8-3447244A3DF2}
		{11B5D57B-30FA-4E7E-BB55-08A62019F1B6} = {22D10ABD-F979-4A96-A6E8-3447244A3DF2}
		{B0D8DB1B-A592-498A-907C-22CB0295FD45} = {543242A3-AF15-470D-8432-F130CDFE943A}
		{A4A7024B-3850-4A10-96B4-1A4E50CE3B0B} = {11B5D57B-30FA-4E7E-BB55-08A62019F1B6}
		{9F67109F-CDD0-4F18-8ADF-8E197C00B7E2} = {11B5D57B-30FA-4E7E-BB55-08A62019F1B6}
		{7919B608-1445-42AE-888F-63303DCC932E} = {11B5D57B-30FA-4E7E-BB55-08A62019F1B6}
		{97A56A06-72AF-49CA-A90C-F8F25C84EA9E} = {11B5D57B-30FA-4E7E-BB55-08A62019F1B6}
		{7EF84877-E167-460C-ADB4-679FE89CCC8F} = {AC2E31EF-606E-44DD-B77F-7D3A9608D437}
	EndGlobalSection
	GlobalSection(ExtensibilityGlobals) = postSolution
		SolutionGuid = {835CBD37-3795-4BFA-9CE2-C83C6D42CA55}
	EndGlobalSection
EndGlobal
